
Microsoft Visual Studio Solution File, Format Version 12.00
# Visual Studio Version 17
VisualStudioVersion = 17.0.32126.317
MinimumVisualStudioVersion = 10.0.40219.1
Project("{FAE04EC0-301F-11D3-BF4B-00C04F79EFBC}") = "DEMO_Azure_CI_CD", "DEMO_Azure_CI_CD\DEMO_Azure_CI_CD.csproj", "{F20E90EE-326C-4506-97C0-435E64AFCEAA}"
EndProject
Global
	GlobalSection(SolutionConfigurationPlatforms) = preSolution
		Debug|Any CPU = Debug|Any CPU
		Release|Any CPU = Release|Any CPU
	EndGlobalSection
	GlobalSection(ProjectConfigurationPlatforms) = postSolution
		{F20E90EE-326C-4506-97C0-435E64AFCEAA}.Debug|Any CPU.ActiveCfg = Debug|Any CPU
		{F20E90EE-326C-4506-97C0-435E64AFCEAA}.Debug|Any CPU.Build.0 = Debug|Any CPU
		{F20E90EE-326C-4506-97C0-435E64AFCEAA}.Release|Any CPU.ActiveCfg = Release|Any CPU
		{F20E90EE-326C-4506-97C0-435E64AFCEAA}.Release|Any CPU.Build.0 = Release|Any CPU
	EndGlobalSection
	GlobalSection(SolutionProperties) = preSolution
		HideSolutionNode = FALSE
	EndGlobalSection
	GlobalSection(ExtensibilityGlobals) = postSolution
		SolutionGuid = {865C17B7-444B-4F52-BA05-0F3D650A517F}
	EndGlobalSection
EndGlobal
